// !$*UTF8*$!
{
	archiveVersion = 1;
	classes = {
	};
	objectVersion = 56;
	objects = {

/* Begin PBXBuildFile section */
		5AA6DFFD29D43E570066112C /* AppDelegate.swift in Sources */ = {isa = PBXBuildFile; fileRef = 5AA6DFFC29D43E570066112C /* AppDelegate.swift */; };
		5AA6DFFF29D43E570066112C /* SceneDelegate.swift in Sources */ = {isa = PBXBuildFile; fileRef = 5AA6DFFE29D43E570066112C /* SceneDelegate.swift */; };
		5AA6E00129D43E570066112C /* ImageMergeVC.swift in Sources */ = {isa = PBXBuildFile; fileRef = 5AA6E00029D43E570066112C /* ImageMergeVC.swift */; };
		5AA6E00429D43E570066112C /* Main.storyboard in Resources */ = {isa = PBXBuildFile; fileRef = 5AA6E00229D43E570066112C /* Main.storyboard */; };
		5AA6E00629D43E590066112C /* Assets.xcassets in Resources */ = {isa = PBXBuildFile; fileRef = 5AA6E00529D43E590066112C /* Assets.xcassets */; };
		5AA6E00929D43E590066112C /* LaunchScreen.storyboard in Resources */ = {isa = PBXBuildFile; fileRef = 5AA6E00729D43E590066112C /* LaunchScreen.storyboard */; };
		5AA6E01429D43E590066112C /* ImageMergerTests.swift in Sources */ = {isa = PBXBuildFile; fileRef = 5AA6E01329D43E590066112C /* ImageMergerTests.swift */; };
		5AA6E01E29D43E590066112C /* ImageMergerUITests.swift in Sources */ = {isa = PBXBuildFile; fileRef = 5AA6E01D29D43E590066112C /* ImageMergerUITests.swift */; };
		5AA6E02029D43E590066112C /* ImageMergerUITestsLaunchTests.swift in Sources */ = {isa = PBXBuildFile; fileRef = 5AA6E01F29D43E590066112C /* ImageMergerUITestsLaunchTests.swift */; };
		5AA6E03029D709BB0066112C /* ImagesData.xcdatamodeld in Sources */ = {isa = PBXBuildFile; fileRef = 5AA6E02E29D709BB0066112C /* ImagesData.xcdatamodeld */; };
		5AA6E03229D839430066112C /* DataBaseManager.swift in Sources */ = {isa = PBXBuildFile; fileRef = 5AA6E03129D839430066112C /* DataBaseManager.swift */; };
		5AA6E03429D83E4C0066112C /* ImageMergerVM.swift in Sources */ = {isa = PBXBuildFile; fileRef = 5AA6E03329D83E4C0066112C /* ImageMergerVM.swift */; };
		5AA6E03629D83E660066112C /* Extension.swift in Sources */ = {isa = PBXBuildFile; fileRef = 5AA6E03529D83E660066112C /* Extension.swift */; };
/* End PBXBuildFile section */

/* Begin PBXContainerItemProxy section */
		5AA6E01029D43E590066112C /* PBXContainerItemProxy */ = {
			isa = PBXContainerItemProxy;
			containerPortal = 5AA6DFF129D43E570066112C /* Project object */;
			proxyType = 1;
			remoteGlobalIDString = 5AA6DFF829D43E570066112C;
			remoteInfo = ImageMerger;
		};
		5AA6E01A29D43E590066112C /* PBXContainerItemProxy */ = {
			isa = PBXContainerItemProxy;
			containerPortal = 5AA6DFF129D43E570066112C /* Project object */;
			proxyType = 1;
			remoteGlobalIDString = 5AA6DFF829D43E570066112C;
			remoteInfo = ImageMerger;
		};
/* End PBXContainerItemProxy section */

/* Begin PBXFileReference section */
		5AA6DFF929D43E570066112C /* ImageMerger.app */ = {isa = PBXFileReference; explicitFileType = wrapper.application; includeInIndex = 0; path = ImageMerger.app; sourceTree = BUILT_PRODUCTS_DIR; };
		5AA6DFFC29D43E570066112C /* AppDelegate.swift */ = {isa = PBXFileReference; lastKnownFileType = sourcecode.swift; path = AppDelegate.swift; sourceTree = "<group>"; };
		5AA6DFFE29D43E570066112C /* SceneDelegate.swift */ = {isa = PBXFileReference; lastKnownFileType = sourcecode.swift; path = SceneDelegate.swift; sourceTree = "<group>"; };
		5AA6E00029D43E570066112C /* ImageMergeVC.swift */ = {isa = PBXFileReference; lastKnownFileType = sourcecode.swift; path = ImageMergeVC.swift; sourceTree = "<group>"; };
		5AA6E00329D43E570066112C /* Base */ = {isa = PBXFileReference; lastKnownFileType = file.storyboard; name = Base; path = Base.lproj/Main.storyboard; sourceTree = "<group>"; };
		5AA6E00529D43E590066112C /* Assets.xcassets */ = {isa = PBXFileReference; lastKnownFileType = folder.assetcatalog; path = Assets.xcassets; sourceTree = "<group>"; };
		5AA6E00829D43E590066112C /* Base */ = {isa = PBXFileReference; lastKnownFileType = file.storyboard; name = Base; path = Base.lproj/LaunchScreen.storyboard; sourceTree = "<group>"; };
		5AA6E00A29D43E590066112C /* Info.plist */ = {isa = PBXFileReference; lastKnownFileType = text.plist.xml; path = Info.plist; sourceTree = "<group>"; };
		5AA6E00F29D43E590066112C /* ImageMergerTests.xctest */ = {isa = PBXFileReference; explicitFileType = wrapper.cfbundle; includeInIndex = 0; path = ImageMergerTests.xctest; sourceTree = BUILT_PRODUCTS_DIR; };
		5AA6E01329D43E590066112C /* ImageMergerTests.swift */ = {isa = PBXFileReference; lastKnownFileType = sourcecode.swift; path = ImageMergerTests.swift; sourceTree = "<group>"; };
		5AA6E01929D43E590066112C /* ImageMergerUITests.xctest */ = {isa = PBXFileReference; explicitFileType = wrapper.cfbundle; includeInIndex = 0; path = ImageMergerUITests.xctest; sourceTree = BUILT_PRODUCTS_DIR; };
		5AA6E01D29D43E590066112C /* ImageMergerUITests.swift */ = {isa = PBXFileReference; lastKnownFileType = sourcecode.swift; path = ImageMergerUITests.swift; sourceTree = "<group>"; };
		5AA6E01F29D43E590066112C /* ImageMergerUITestsLaunchTests.swift */ = {isa = PBXFileReference; lastKnownFileType = sourcecode.swift; path = ImageMergerUITestsLaunchTests.swift; sourceTree = "<group>"; };
		5AA6E02F29D709BB0066112C /* ImageEntity.xcdatamodel */ = {isa = PBXFileReference; lastKnownFileType = wrapper.xcdatamodel; path = ImageEntity.xcdatamodel; sourceTree = "<group>"; };
		5AA6E03129D839430066112C /* DataBaseManager.swift */ = {isa = PBXFileReference; lastKnownFileType = sourcecode.swift; path = DataBaseManager.swift; sourceTree = "<group>"; };
		5AA6E03329D83E4C0066112C /* ImageMergerVM.swift */ = {isa = PBXFileReference; lastKnownFileType = sourcecode.swift; path = ImageMergerVM.swift; sourceTree = "<group>"; };
		5AA6E03529D83E660066112C /* Extension.swift */ = {isa = PBXFileReference; lastKnownFileType = sourcecode.swift; path = Extension.swift; sourceTree = "<group>"; };
/* End PBXFileReference section */

/* Begin PBXFrameworksBuildPhase section */
		5AA6DFF629D43E570066112C /* Frameworks */ = {
			isa = PBXFrameworksBuildPhase;
			buildActionMask = 2147483647;
			files = (
			);
			runOnlyForDeploymentPostprocessing = 0;
		};
		5AA6E00C29D43E590066112C /* Frameworks */ = {
			isa = PBXFrameworksBuildPhase;
			buildActionMask = 2147483647;
			files = (
			);
			runOnlyForDeploymentPostprocessing = 0;
		};
		5AA6E01629D43E590066112C /* Frameworks */ = {
			isa = PBXFrameworksBuildPhase;
			buildActionMask = 2147483647;
			files = (
			);
			runOnlyForDeploymentPostprocessing = 0;
		};
/* End PBXFrameworksBuildPhase section */

/* Begin PBXGroup section */
		5AA6DFF029D43E570066112C = {
			isa = PBXGroup;
			children = (
				5AA6DFFB29D43E570066112C /* ImageMerger */,
				5AA6E01229D43E590066112C /* ImageMergerTests */,
				5AA6E01C29D43E590066112C /* ImageMergerUITests */,
				5AA6DFFA29D43E570066112C /* Products */,
			);
			sourceTree = "<group>";
		};
		5AA6DFFA29D43E570066112C /* Products */ = {
			isa = PBXGroup;
			children = (
				5AA6DFF929D43E570066112C /* ImageMerger.app */,
				5AA6E00F29D43E590066112C /* ImageMergerTests.xctest */,
				5AA6E01929D43E590066112C /* ImageMergerUITests.xctest */,
			);
			name = Products;
			sourceTree = "<group>";
		};
		5AA6DFFB29D43E570066112C /* ImageMerger */ = {
			isa = PBXGroup;
			children = (
				5AA6E03729D83F670066112C /* Storyboard */,
				5AA6E02C29D43ED50066112C /* Delegate */,
				5AA6E03929D83F860066112C /* MVVM */,
				5AA6E03829D83F7D0066112C /* Helper */,
				5AA6E00529D43E590066112C /* Assets.xcassets */,
				5AA6E02E29D709BB0066112C /* ImagesData.xcdatamodeld */,
				5AA6E00A29D43E590066112C /* Info.plist */,
			);
			path = ImageMerger;
			sourceTree = "<group>";
		};
		5AA6E01229D43E590066112C /* ImageMergerTests */ = {
			isa = PBXGroup;
			children = (
				5AA6E01329D43E590066112C /* ImageMergerTests.swift */,
			);
			path = ImageMergerTests;
			sourceTree = "<group>";
		};
		5AA6E01C29D43E590066112C /* ImageMergerUITests */ = {
			isa = PBXGroup;
			children = (
				5AA6E01D29D43E590066112C /* ImageMergerUITests.swift */,
				5AA6E01F29D43E590066112C /* ImageMergerUITestsLaunchTests.swift */,
			);
			path = ImageMergerUITests;
			sourceTree = "<group>";
		};
		5AA6E02C29D43ED50066112C /* Delegate */ = {
			isa = PBXGroup;
			children = (
				5AA6DFFC29D43E570066112C /* AppDelegate.swift */,
				5AA6DFFE29D43E570066112C /* SceneDelegate.swift */,
			);
			path = Delegate;
			sourceTree = "<group>";
		};
		5AA6E03729D83F670066112C /* Storyboard */ = {
			isa = PBXGroup;
			children = (
				5AA6E00229D43E570066112C /* Main.storyboard */,
				5AA6E00729D43E590066112C /* LaunchScreen.storyboard */,
			);
			path = Storyboard;
			sourceTree = "<group>";
		};
		5AA6E03829D83F7D0066112C /* Helper */ = {
			isa = PBXGroup;
			children = (
				5AA6E03529D83E660066112C /* Extension.swift */,
				5AA6E03129D839430066112C /* DataBaseManager.swift */,
			);
			path = Helper;
			sourceTree = "<group>";
		};
		5AA6E03929D83F860066112C /* MVVM */ = {
			isa = PBXGroup;
			children = (
				5AA6E03329D83E4C0066112C /* ImageMergerVM.swift */,
				5AA6E00029D43E570066112C /* ImageMergeVC.swift */,
			);
			path = MVVM;
			sourceTree = "<group>";
		};
/* End PBXGroup section */

/* Begin PBXNativeTarget section */
		5AA6DFF829D43E570066112C /* ImageMerger */ = {
			isa = PBXNativeTarget;
			buildConfigurationList = 5AA6E02329D43E590066112C /* Build configuration list for PBXNativeTarget "ImageMerger" */;
			buildPhases = (
				5AA6DFF529D43E570066112C /* Sources */,
				5AA6DFF629D43E570066112C /* Frameworks */,
				5AA6DFF729D43E570066112C /* Resources */,
			);
			buildRules = (
			);
			dependencies = (
			);
			name = ImageMerger;
			productName = ImageMerger;
			productReference = 5AA6DFF929D43E570066112C /* ImageMerger.app */;
			productType = "com.apple.product-type.application";
		};
		5AA6E00E29D43E590066112C /* ImageMergerTests */ = {
			isa = PBXNativeTarget;
			buildConfigurationList = 5AA6E02629D43E590066112C /* Build configuration list for PBXNativeTarget "ImageMergerTests" */;
			buildPhases = (
				5AA6E00B29D43E590066112C /* Sources */,
				5AA6E00C29D43E590066112C /* Frameworks */,
				5AA6E00D29D43E590066112C /* Resources */,
			);
			buildRules = (
			);
			dependencies = (
				5AA6E01129D43E590066112C /* PBXTargetDependency */,
			);
			name = ImageMergerTests;
			productName = ImageMergerTests;
			productReference = 5AA6E00F29D43E590066112C /* ImageMergerTests.xctest */;
			productType = "com.apple.product-type.bundle.unit-test";
		};
		5AA6E01829D43E590066112C /* ImageMergerUITests */ = {
			isa = PBXNativeTarget;
			buildConfigurationList = 5AA6E02929D43E590066112C /* Build configuration list for PBXNativeTarget "ImageMergerUITests" */;
			buildPhases = (
				5AA6E01529D43E590066112C /* Sources */,
				5AA6E01629D43E590066112C /* Frameworks */,
				5AA6E01729D43E590066112C /* Resources */,
			);
			buildRules = (
			);
			dependencies = (
				5AA6E01B29D43E590066112C /* PBXTargetDependency */,
			);
			name = ImageMergerUITests;
			productName = ImageMergerUITests;
			productReference = 5AA6E01929D43E590066112C /* ImageMergerUITests.xctest */;
			productType = "com.apple.product-type.bundle.ui-testing";
		};
/* End PBXNativeTarget section */

/* Begin PBXProject section */
		5AA6DFF129D43E570066112C /* Project object */ = {
			isa = PBXProject;
			attributes = {
				BuildIndependentTargetsInParallel = 1;
				LastSwiftUpdateCheck = 1420;
				LastUpgradeCheck = 1420;
				TargetAttributes = {
					5AA6DFF829D43E570066112C = {
						CreatedOnToolsVersion = 14.2;
					};
					5AA6E00E29D43E590066112C = {
						CreatedOnToolsVersion = 14.2;
						TestTargetID = 5AA6DFF829D43E570066112C;
					};
					5AA6E01829D43E590066112C = {
						CreatedOnToolsVersion = 14.2;
						TestTargetID = 5AA6DFF829D43E570066112C;
					};
				};
			};
			buildConfigurationList = 5AA6DFF429D43E570066112C /* Build configuration list for PBXProject "ImageMerger" */;
			compatibilityVersion = "Xcode 14.0";
			developmentRegion = en;
			hasScannedForEncodings = 0;
			knownRegions = (
				en,
				Base,
			);
			mainGroup = 5AA6DFF029D43E570066112C;
			packageReferences = (
			);
			productRefGroup = 5AA6DFFA29D43E570066112C /* Products */;
			projectDirPath = "";
			projectRoot = "";
			targets = (
				5AA6DFF829D43E570066112C /* ImageMerger */,
				5AA6E00E29D43E590066112C /* ImageMergerTests */,
				5AA6E01829D43E590066112C /* ImageMergerUITests */,
			);
		};
/* End PBXProject section */

/* Begin PBXResourcesBuildPhase section */
		5AA6DFF729D43E570066112C /* Resources */ = {
			isa = PBXResourcesBuildPhase;
			buildActionMask = 2147483647;
			files = (
				5AA6E00929D43E590066112C /* LaunchScreen.storyboard in Resources */,
				5AA6E00629D43E590066112C /* Assets.xcassets in Resources */,
				5AA6E00429D43E570066112C /* Main.storyboard in Resources */,
			);
			runOnlyForDeploymentPostprocessing = 0;
		};
		5AA6E00D29D43E590066112C /* Resources */ = {
			isa = PBXResourcesBuildPhase;
			buildActionMask = 2147483647;
			files = (
			);
			runOnlyForDeploymentPostprocessing = 0;
		};
		5AA6E01729D43E590066112C /* Resources */ = {
			isa = PBXResourcesBuildPhase;
			buildActionMask = 2147483647;
			files = (
			);
			runOnlyForDeploymentPostprocessing = 0;
		};
/* End PBXResourcesBuildPhase section */

/* Begin PBXSourcesBuildPhase section */
		5AA6DFF529D43E570066112C /* Sources */ = {
			isa = PBXSourcesBuildPhase;
			buildActionMask = 2147483647;
			files = (
				5AA6E03029D709BB0066112C /* ImagesData.xcdatamodeld in Sources */,
				5AA6E00129D43E570066112C /* ImageMergeVC.swift in Sources */,
				5AA6E03629D83E660066112C /* Extension.swift in Sources */,
				5AA6DFFD29D43E570066112C /* AppDelegate.swift in Sources */,
				5AA6DFFF29D43E570066112C /* SceneDelegate.swift in Sources */,
				5AA6E03429D83E4C0066112C /* ImageMergerVM.swift in Sources */,
				5AA6E03229D839430066112C /* DataBaseManager.swift in Sources */,
			);
			runOnlyForDeploymentPostprocessing = 0;
		};
		5AA6E00B29D43E590066112C /* Sources */ = {
			isa = PBXSourcesBuildPhase;
			buildActionMask = 2147483647;
			files = (
				5AA6E01429D43E590066112C /* ImageMergerTests.swift in Sources */,
			);
			runOnlyForDeploymentPostprocessing = 0;
		};
		5AA6E01529D43E590066112C /* Sources */ = {
			isa = PBXSourcesBuildPhase;
			buildActionMask = 2147483647;
			files = (
				5AA6E02029D43E590066112C /* ImageMergerUITestsLaunchTests.swift in Sources */,
				5AA6E01E29D43E590066112C /* ImageMergerUITests.swift in Sources */,
			);
			runOnlyForDeploymentPostprocessing = 0;
		};
/* End PBXSourcesBuildPhase section */

/* Begin PBXTargetDependency section */
		5AA6E01129D43E590066112C /* PBXTargetDependency */ = {
			isa = PBXTargetDependency;
			target = 5AA6DFF829D43E570066112C /* ImageMerger */;
			targetProxy = 5AA6E01029D43E590066112C /* PBXContainerItemProxy */;
		};
		5AA6E01B29D43E590066112C /* PBXTargetDependency */ = {
			isa = PBXTargetDependency;
			target = 5AA6DFF829D43E570066112C /* ImageMerger */;
			targetProxy = 5AA6E01A29D43E590066112C /* PBXContainerItemProxy */;
		};
/* End PBXTargetDependency section */

/* Begin PBXVariantGroup section */
		5AA6E00229D43E570066112C /* Main.storyboard */ = {
			isa = PBXVariantGroup;
			children = (
				5AA6E00329D43E570066112C /* Base */,
			);
			name = Main.storyboard;
			sourceTree = "<group>";
		};
		5AA6E00729D43E590066112C /* LaunchScreen.storyboard */ = {
			isa = PBXVariantGroup;
			children = (
				5AA6E00829D43E590066112C /* Base */,
			);
			name = LaunchScreen.storyboard;
			sourceTree = "<group>";
		};
/* End PBXVariantGroup section */

/* Begin XCBuildConfiguration section */
		5AA6E02129D43E590066112C /* Debug */ = {
			isa = XCBuildConfiguration;
			buildSettings = {
				ALWAYS_SEARCH_USER_PATHS = NO;
				CLANG_ANALYZER_NONNULL = YES;
				CLANG_ANALYZER_NUMBER_OBJECT_CONVERSION = YES_AGGRESSIVE;
				CLANG_CXX_LANGUAGE_STANDARD = "gnu++20";
				CLANG_ENABLE_MODULES = YES;
				CLANG_ENABLE_OBJC_ARC = YES;
				CLANG_ENABLE_OBJC_WEAK = YES;
				CLANG_WARN_BLOCK_CAPTURE_AUTORELEASING = YES;
				CLANG_WARN_BOOL_CONVERSION = YES;
				CLANG_WARN_COMMA = YES;
				CLANG_WARN_CONSTANT_CONVERSION = YES;
				CLANG_WARN_DEPRECATED_OBJC_IMPLEMENTATIONS = YES;
				CLANG_WARN_DIRECT_OBJC_ISA_USAGE = YES_ERROR;
				CLANG_WARN_DOCUMENTATION_COMMENTS = YES;
				CLANG_WARN_EMPTY_BODY = YES;
				CLANG_WARN_ENUM_CONVERSION = YES;
				CLANG_WARN_INFINITE_RECURSION = YES;
				CLANG_WARN_INT_CONVERSION = YES;
				CLANG_WARN_NON_LITERAL_NULL_CONVERSION = YES;
				CLANG_WARN_OBJC_IMPLICIT_RETAIN_SELF = YES;
				CLANG_WARN_OBJC_LITERAL_CONVERSION = YES;
				CLANG_WARN_OBJC_ROOT_CLASS = YES_ERROR;
				CLANG_WARN_QUOTED_INCLUDE_IN_FRAMEWORK_HEADER = YES;
				CLANG_WARN_RANGE_LOOP_ANALYSIS = YES;
				CLANG_WARN_STRICT_PROTOTYPES = YES;
				CLANG_WARN_SUSPICIOUS_MOVE = YES;
				CLANG_WARN_UNGUARDED_AVAILABILITY = YES_AGGRESSIVE;
				CLANG_WARN_UNREACHABLE_CODE = YES;
				CLANG_WARN__DUPLICATE_METHOD_MATCH = YES;
				COPY_PHASE_STRIP = NO;
				DEBUG_INFORMATION_FORMAT = dwarf;
				ENABLE_STRICT_OBJC_MSGSEND = YES;
				ENABLE_TESTABILITY = YES;
				GCC_C_LANGUAGE_STANDARD = gnu11;
				GCC_DYNAMIC_NO_PIC = NO;
				GCC_NO_COMMON_BLOCKS = YES;
				GCC_OPTIMIZATION_LEVEL = 0;
				GCC_PREPROCESSOR_DEFINITIONS = (
					"DEBUG=1",
					"$(inherited)",
				);
				GCC_WARN_64_TO_32_BIT_CONVERSION = YES;
				GCC_WARN_ABOUT_RETURN_TYPE = YES_ERROR;
				GCC_WARN_UNDECLARED_SELECTOR = YES;
				GCC_WARN_UNINITIALIZED_AUTOS = YES_AGGRESSIVE;
				GCC_WARN_UNUSED_FUNCTION = YES;
				GCC_WARN_UNUSED_VARIABLE = YES;
				IPHONEOS_DEPLOYMENT_TARGET = 16.2;
				MTL_ENABLE_DEBUG_INFO = INCLUDE_SOURCE;
				MTL_FAST_MATH = YES;
				ONLY_ACTIVE_ARCH = YES;
				SDKROOT = iphoneos;
				SWIFT_ACTIVE_COMPILATION_CONDITIONS = DEBUG;
				SWIFT_OPTIMIZATION_LEVEL = "-Onone";
			};
			name = Debug;
		};
		5AA6E02229D43E590066112C /* Release */ = {
			isa = XCBuildConfiguration;
			buildSettings = {
				ALWAYS_SEARCH_USER_PATHS = NO;
				CLANG_ANALYZER_NONNULL = YES;
				CLANG_ANALYZER_NUMBER_OBJECT_CONVERSION = YES_AGGRESSIVE;
				CLANG_CXX_LANGUAGE_STANDARD = "gnu++20";
				CLANG_ENABLE_MODULES = YES;
				CLANG_ENABLE_OBJC_ARC = YES;
				CLANG_ENABLE_OBJC_WEAK = YES;
				CLANG_WARN_BLOCK_CAPTURE_AUTORELEASING = YES;
				CLANG_WARN_BOOL_CONVERSION = YES;
				CLANG_WARN_COMMA = YES;
				CLANG_WARN_CONSTANT_CONVERSION = YES;
				CLANG_WARN_DEPRECATED_OBJC_IMPLEMENTATIONS = YES;
				CLANG_WARN_DIRECT_OBJC_ISA_USAGE = YES_ERROR;
				CLANG_WARN_DOCUMENTATION_COMMENTS = YES;
				CLANG_WARN_EMPTY_BODY = YES;
				CLANG_WARN_ENUM_CONVERSION = YES;
				CLANG_WARN_INFINITE_RECURSION = YES;
				CLANG_WARN_INT_CONVERSION = YES;
				CLANG_WARN_NON_LITERAL_NULL_CONVERSION = YES;
				CLANG_WARN_OBJC_IMPLICIT_RETAIN_SELF = YES;
				CLANG_WARN_OBJC_LITERAL_CONVERSION = YES;
				CLANG_WARN_OBJC_ROOT_CLASS = YES_ERROR;
				CLANG_WARN_QUOTED_INCLUDE_IN_FRAMEWORK_HEADER = YES;
				CLANG_WARN_RANGE_LOOP_ANALYSIS = YES;
				CLANG_WARN_STRICT_PROTOTYPES = YES;
				CLANG_WARN_SUSPICIOUS_MOVE = YES;
				CLANG_WARN_UNGUARDED_AVAILABILITY = YES_AGGRESSIVE;
				CLANG_WARN_UNREACHABLE_CODE = YES;
				CLANG_WARN__DUPLICATE_METHOD_MATCH = YES;
				COPY_PHASE_STRIP = NO;
				DEBUG_INFORMATION_FORMAT = "dwarf-with-dsym";
				ENABLE_NS_ASSERTIONS = NO;
				ENABLE_STRICT_OBJC_MSGSEND = YES;
				GCC_C_LANGUAGE_STANDARD = gnu11;
				GCC_NO_COMMON_BLOCKS = YES;
				GCC_WARN_64_TO_32_BIT_CONVERSION = YES;
				GCC_WARN_ABOUT_RETURN_TYPE = YES_ERROR;
				GCC_WARN_UNDECLARED_SELECTOR = YES;
				GCC_WARN_UNINITIALIZED_AUTOS = YES_AGGRESSIVE;
				GCC_WARN_UNUSED_FUNCTION = YES;
				GCC_WARN_UNUSED_VARIABLE = YES;
				IPHONEOS_DEPLOYMENT_TARGET = 16.2;
				MTL_ENABLE_DEBUG_INFO = NO;
				MTL_FAST_MATH = YES;
				SDKROOT = iphoneos;
				SWIFT_COMPILATION_MODE = wholemodule;
				SWIFT_OPTIMIZATION_LEVEL = "-O";
				VALIDATE_PRODUCT = YES;
			};
			name = Release;
		};
		5AA6E02429D43E590066112C /* Debug */ = {
			isa = XCBuildConfiguration;
			buildSettings = {
				ASSETCATALOG_COMPILER_APPICON_NAME = AppIcon;
				ASSETCATALOG_COMPILER_GLOBAL_ACCENT_COLOR_NAME = AccentColor;
				CODE_SIGN_STYLE = Automatic;
				CURRENT_PROJECT_VERSION = 1;
				GENERATE_INFOPLIST_FILE = YES;
				INFOPLIST_FILE = ImageMerger/Info.plist;
				INFOPLIST_KEY_UIApplicationSupportsIndirectInputEvents = YES;
				INFOPLIST_KEY_UILaunchStoryboardName = LaunchScreen;
				INFOPLIST_KEY_UIMainStoryboardFile = Main;
				INFOPLIST_KEY_UISupportedInterfaceOrientations_iPad = "UIInterfaceOrientationPortrait UIInterfaceOrientationPortraitUpsideDown UIInterfaceOrientationLandscapeLeft UIInterfaceOrientationLandscapeRight";
				INFOPLIST_KEY_UISupportedInterfaceOrientations_iPhone = "UIInterfaceOrientationPortrait UIInterfaceOrientationLandscapeLeft UIInterfaceOrientationLandscapeRight";
				LD_RUNPATH_SEARCH_PATHS = (
					"$(inherited)",
					"@executable_path/Frameworks",
				);
				MARKETING_VERSION = 1.0;
				PRODUCT_BUNDLE_IDENTIFIER = GodwinA.ImageMerger;
				PRODUCT_NAME = "$(TARGET_NAME)";
				SWIFT_EMIT_LOC_STRINGS = YES;
				SWIFT_VERSION = 5.0;
				TARGETED_DEVICE_FAMILY = "1,2";
			};
			name = Debug;
		};
		5AA6E02529D43E590066112C /* Release */ = {
			isa = XCBuildConfiguration;
			buildSettings = {
				ASSETCATALOG_COMPILER_APPICON_NAME = AppIcon;
				ASSETCATALOG_COMPILER_GLOBAL_ACCENT_COLOR_NAME = AccentColor;
				CODE_SIGN_STYLE = Automatic;
				CURRENT_PROJECT_VERSION = 1;
				GENERATE_INFOPLIST_FILE = YES;
				INFOPLIST_FILE = ImageMerger/Info.plist;
				INFOPLIST_KEY_UIApplicationSupportsIndirectInputEvents = YES;
				INFOPLIST_KEY_UILaunchStoryboardName = LaunchScreen;
				INFOPLIST_KEY_UIMainStoryboardFile = Main;
				INFOPLIST_KEY_UISupportedInterfaceOrientations_iPad = "UIInterfaceOrientationPortrait UIInterfaceOrientationPortraitUpsideDown UIInterfaceOrientationLandscapeLeft UIInterfaceOrientationLandscapeRight";
				INFOPLIST_KEY_UISupportedInterfaceOrientations_iPhone = "UIInterfaceOrientationPortrait UIInterfaceOrientationLandscapeLeft UIInterfaceOrientationLandscapeRight";
				LD_RUNPATH_SEARCH_PATHS = (
					"$(inherited)",
					"@executable_path/Frameworks",
				);
				MARKETING_VERSION = 1.0;
				PRODUCT_BUNDLE_IDENTIFIER = GodwinA.ImageMerger;
				PRODUCT_NAME = "$(TARGET_NAME)";
				SWIFT_EMIT_LOC_STRINGS = YES;
				SWIFT_VERSION = 5.0;
				TARGETED_DEVICE_FAMILY = "1,2";
			};
			name = Release;
		};
		5AA6E02729D43E590066112C /* Debug */ = {
			isa = XCBuildConfiguration;
			buildSettings = {
				ALWAYS_EMBED_SWIFT_STANDARD_LIBRARIES = YES;
				BUNDLE_LOADER = "$(TEST_HOST)";
				CODE_SIGN_STYLE = Automatic;
				CURRENT_PROJECT_VERSION = 1;
				GENERATE_INFOPLIST_FILE = YES;
				IPHONEOS_DEPLOYMENT_TARGET = 16.2;
				MARKETING_VERSION = 1.0;
				PRODUCT_BUNDLE_IDENTIFIER = GodwinA.ImageMergerTests;
				PRODUCT_NAME = "$(TARGET_NAME)";
				SWIFT_EMIT_LOC_STRINGS = NO;
				SWIFT_VERSION = 5.0;
				TARGETED_DEVICE_FAMILY = "1,2";
				TEST_HOST = "$(BUILT_PRODUCTS_DIR)/ImageMerger.app/$(BUNDLE_EXECUTABLE_FOLDER_PATH)/ImageMerger";
			};
			name = Debug;
		};
		5AA6E02829D43E590066112C /* Release */ = {
			isa = XCBuildConfiguration;
			buildSettings = {
				ALWAYS_EMBED_SWIFT_STANDARD_LIBRARIES = YES;
				BUNDLE_LOADER = "$(TEST_HOST)";
				CODE_SIGN_STYLE = Automatic;
				CURRENT_PROJECT_VERSION = 1;
				GENERATE_INFOPLIST_FILE = YES;
				IPHONEOS_DEPLOYMENT_TARGET = 16.2;
				MARKETING_VERSION = 1.0;
				PRODUCT_BUNDLE_IDENTIFIER = GodwinA.ImageMergerTests;
				PRODUCT_NAME = "$(TARGET_NAME)";
				SWIFT_EMIT_LOC_STRINGS = NO;
				SWIFT_VERSION = 5.0;
				TARGETED_DEVICE_FAMILY = "1,2";
				TEST_HOST = "$(BUILT_PRODUCTS_DIR)/ImageMerger.app/$(BUNDLE_EXECUTABLE_FOLDER_PATH)/ImageMerger";
			};
			name = Release;
		};
		5AA6E02A29D43E590066112C /* Debug */ = {
			isa = XCBuildConfiguration;
			buildSettings = {
				ALWAYS_EMBED_SWIFT_STANDARD_LIBRARIES = YES;
				CODE_SIGN_STYLE = Automatic;
				CURRENT_PROJECT_VERSION = 1;
				GENERATE_INFOPLIST_FILE = YES;
				MARKETING_VERSION = 1.0;
				PRODUCT_BUNDLE_IDENTIFIER = GodwinA.ImageMergerUITests;
				PRODUCT_NAME = "$(TARGET_NAME)";
				SWIFT_EMIT_LOC_STRINGS = NO;
				SWIFT_VERSION = 5.0;
				TARGETED_DEVICE_FAMILY = "1,2";
				TEST_TARGET_NAME = ImageMerger;
			};
			name = Debug;
		};
		5AA6E02B29D43E590066112C /* Release */ = {
			isa = XCBuildConfiguration;
			buildSettings = {
				ALWAYS_EMBED_SWIFT_STANDARD_LIBRARIES = YES;
				CODE_SIGN_STYLE = Automatic;
				CURRENT_PROJECT_VERSION = 1;
				GENERATE_INFOPLIST_FILE = YES;
				MARKETING_VERSION = 1.0;
				PRODUCT_BUNDLE_IDENTIFIER = GodwinA.ImageMergerUITests;
				PRODUCT_NAME = "$(TARGET_NAME)";
				SWIFT_EMIT_LOC_STRINGS = NO;
				SWIFT_VERSION = 5.0;
				TARGETED_DEVICE_FAMILY = "1,2";
				TEST_TARGET_NAME = ImageMerger;
			};
			name = Release;
		};
/* End XCBuildConfiguration section */

/* Begin XCConfigurationList section */
		5AA6DFF429D43E570066112C /* Build configuration list for PBXProject "ImageMerger" */ = {
			isa = XCConfigurationList;
			buildConfigurations = (
				5AA6E02129D43E590066112C /* Debug */,
				5AA6E02229D43E590066112C /* Release */,
			);
			defaultConfigurationIsVisible = 0;
			defaultConfigurationName = Release;
		};
		5AA6E02329D43E590066112C /* Build configuration list for PBXNativeTarget "ImageMerger" */ = {
			isa = XCConfigurationList;
			buildConfigurations = (
				5AA6E02429D43E590066112C /* Debug */,
				5AA6E02529D43E590066112C /* Release */,
			);
			defaultConfigurationIsVisible = 0;
			defaultConfigurationName = Release;
		};
		5AA6E02629D43E590066112C /* Build configuration list for PBXNativeTarget "ImageMergerTests" */ = {
			isa = XCConfigurationList;
			buildConfigurations = (
				5AA6E02729D43E590066112C /* Debug */,
				5AA6E02829D43E590066112C /* Release */,
			);
			defaultConfigurationIsVisible = 0;
			defaultConfigurationName = Release;
		};
		5AA6E02929D43E590066112C /* Build configuration list for PBXNativeTarget "ImageMergerUITests" */ = {
			isa = XCConfigurationList;
			buildConfigurations = (
				5AA6E02A29D43E590066112C /* Debug */,
				5AA6E02B29D43E590066112C /* Release */,
			);
			defaultConfigurationIsVisible = 0;
			defaultConfigurationName = Release;
		};
/* End XCConfigurationList section */

/* Begin XCVersionGroup section */
		5AA6E02E29D709BB0066112C /* ImagesData.xcdatamodeld */ = {
			isa = XCVersionGroup;
			children = (
				5AA6E02F29D709BB0066112C /* ImageEntity.xcdatamodel */,
			);
			currentVersion = 5AA6E02F29D709BB0066112C /* ImageEntity.xcdatamodel */;
			path = ImagesData.xcdatamodeld;
			sourceTree = "<group>";
			versionGroupType = wrapper.xcdatamodel;
		};
/* End XCVersionGroup section */
	};
	rootObject = 5AA6DFF129D43E570066112C /* Project object */;
}
